
Microsoft Visual Studio Solution File, Format Version 12.00
# Visual Studio Version 17
VisualStudioVersion = 17.6.33815.320
MinimumVisualStudioVersion = 10.0.40219.1
Project("{FAE04EC0-301F-11D3-BF4B-00C04F79EFBC}") = "SinglePageWebApp", "SinglePageWebApp\SinglePageWebApp.csproj", "{BFCD8A15-38CF-4EB2-97D1-BB17A83201A6}"
EndProject
Global
	GlobalSection(SolutionConfigurationPlatforms) = preSolution
		Debug|Any CPU = Debug|Any CPU
		Release|Any CPU = Release|Any CPU
	EndGlobalSection
	GlobalSection(ProjectConfigurationPlatforms) = postSolution
		{BFCD8A15-38CF-4EB2-97D1-BB17A83201A6}.Debug|Any CPU.ActiveCfg = Debug|Any CPU
		{BFCD8A15-38CF-4EB2-97D1-BB17A83201A6}.Debug|Any CPU.Build.0 = Debug|Any CPU
		{BFCD8A15-38CF-4EB2-97D1-BB17A83201A6}.Release|Any CPU.ActiveCfg = Release|Any CPU
		{BFCD8A15-38CF-4EB2-97D1-BB17A83201A6}.Release|Any CPU.Build.0 = Release|Any CPU
	EndGlobalSection
	GlobalSection(SolutionProperties) = preSolution
		HideSolutionNode = FALSE
	EndGlobalSection
	GlobalSection(ExtensibilityGlobals) = postSolution
		SolutionGuid = {A70ABFA6-16DB-4028-9867-0D972D537E98}
	EndGlobalSection
EndGlobal
